
Microsoft Visual Studio Solution File, Format Version 12.00
# Visual Studio Version 17
VisualStudioVersion = 17.1.32407.343
MinimumVisualStudioVersion = 10.0.40219.1
Project("{FAE04EC0-301F-11D3-BF4B-00C04F79EFBC}") = "KütüphaneOtomosyon", "KütüphaneOtomosyon\KütüphaneOtomosyon.csproj", "{83B5857F-CD06-4299-951E-AEC7A95DEF41}"
EndProject
Global
	GlobalSection(SolutionConfigurationPlatforms) = preSolution
		Debug|Any CPU = Debug|Any CPU
		Release|Any CPU = Release|Any CPU
	EndGlobalSection
	GlobalSection(ProjectConfigurationPlatforms) = postSolution
		{83B5857F-CD06-4299-951E-AEC7A95DEF41}.Debug|Any CPU.ActiveCfg = Debug|Any CPU
		{83B5857F-CD06-4299-951E-AEC7A95DEF41}.Debug|Any CPU.Build.0 = Debug|Any CPU
		{83B5857F-CD06-4299-951E-AEC7A95DEF41}.Release|Any CPU.ActiveCfg = Release|Any CPU
		{83B5857F-CD06-4299-951E-AEC7A95DEF41}.Release|Any CPU.Build.0 = Release|Any CPU
	EndGlobalSection
	GlobalSection(SolutionProperties) = preSolution
		HideSolutionNode = FALSE
	EndGlobalSection
	GlobalSection(ExtensibilityGlobals) = postSolution
		SolutionGuid = {2C92576E-510D-406D-A733-768C64E315B3}
	EndGlobalSection
EndGlobal
